
Microsoft Visual Studio Solution File, Format Version 12.00
# Visual Studio 15
VisualStudioVersion = 15.0.28307.1259
MinimumVisualStudioVersion = 10.0.40219.1
Project("{FE7A1B72-C5B7-4D7C-BB7D-76384D4DE8E1}") = "Experimenting", "Experimenting\Experimenting.hmiproj", "{4DE06F3F-7D12-4DD1-9E8D-58CD03E59A48}"
EndProject
Project("{3B740506-4966-4147-AB1F-357FE08946EA}") = "JociFrameworkControl", "JociFrameworkControl\JociFrameworkControl.hmiextproj", "{4F2FB9DC-7E39-497A-B437-3A5D2AA92E3E}"
EndProject
Project("{3B740506-4966-4147-AB1F-357FE08946EA}") = "JociAdvancedComponentControl", "JociAdvancedComponentControl\JociAdvancedComponentControl.hmiextproj", "{7C9404DB-9950-406B-A6FF-8B82AFCCF747}"
EndProject
Project("{3B740506-4966-4147-AB1F-357FE08946EA}") = "Ajto", "Ajto\Ajto.hmiextproj", "{3DF35243-7002-4C63-A8DA-CD21386639EC}"
EndProject
Project("{B1E792BE-AA5F-4E3C-8C82-674BF9C0715B}") = "NeHa", "..\NeHa201022\NeHa\NeHa.tsproj", "{4728C7F4-7490-46D5-A32B-133B209D3077}"
EndProject
Global
	GlobalSection(SolutionConfigurationPlatforms) = preSolution
		Debug|TwinCAT CE7 (ARMV7) = Debug|TwinCAT CE7 (ARMV7)
		Debug|TwinCAT HMI = Debug|TwinCAT HMI
		Debug|TwinCAT OS (ARMT2) = Debug|TwinCAT OS (ARMT2)
		Debug|TwinCAT RT (x64) = Debug|TwinCAT RT (x64)
		Debug|TwinCAT RT (x86) = Debug|TwinCAT RT (x86)
		Release|TwinCAT CE7 (ARMV7) = Release|TwinCAT CE7 (ARMV7)
		Release|TwinCAT HMI = Release|TwinCAT HMI
		Release|TwinCAT OS (ARMT2) = Release|TwinCAT OS (ARMT2)
		Release|TwinCAT RT (x64) = Release|TwinCAT RT (x64)
		Release|TwinCAT RT (x86) = Release|TwinCAT RT (x86)
	EndGlobalSection
	GlobalSection(ProjectConfigurationPlatforms) = postSolution
		{4DE06F3F-7D12-4DD1-9E8D-58CD03E59A48}.Debug|TwinCAT CE7 (ARMV7).ActiveCfg = Debug|TwinCAT HMI
		{4DE06F3F-7D12-4DD1-9E8D-58CD03E59A48}.Debug|TwinCAT HMI.ActiveCfg = Debug|TwinCAT HMI
		{4DE06F3F-7D12-4DD1-9E8D-58CD03E59A48}.Debug|TwinCAT HMI.Build.0 = Debug|TwinCAT HMI
		{4DE06F3F-7D12-4DD1-9E8D-58CD03E59A48}.Debug|TwinCAT OS (ARMT2).ActiveCfg = Debug|TwinCAT HMI
		{4DE06F3F-7D12-4DD1-9E8D-58CD03E59A48}.Debug|TwinCAT RT (x64).ActiveCfg = Debug|TwinCAT HMI
		{4DE06F3F-7D12-4DD1-9E8D-58CD03E59A48}.Debug|TwinCAT RT (x86).ActiveCfg = Debug|TwinCAT HMI
		{4DE06F3F-7D12-4DD1-9E8D-58CD03E59A48}.Release|TwinCAT CE7 (ARMV7).ActiveCfg = Release|TwinCAT HMI
		{4DE06F3F-7D12-4DD1-9E8D-58CD03E59A48}.Release|TwinCAT HMI.ActiveCfg = Release|TwinCAT HMI
		{4DE06F3F-7D12-4DD1-9E8D-58CD03E59A48}.Release|TwinCAT HMI.Build.0 = Release|TwinCAT HMI
		{4DE06F3F-7D12-4DD1-9E8D-58CD03E59A48}.Release|TwinCAT OS (ARMT2).ActiveCfg = Release|TwinCAT HMI
		{4DE06F3F-7D12-4DD1-9E8D-58CD03E59A48}.Release|TwinCAT RT (x64).ActiveCfg = Release|TwinCAT HMI
		{4DE06F3F-7D12-4DD1-9E8D-58CD03E59A48}.Release|TwinCAT RT (x86).ActiveCfg = Release|TwinCAT HMI
		{4F2FB9DC-7E39-497A-B437-3A5D2AA92E3E}.Debug|TwinCAT CE7 (ARMV7).ActiveCfg = Debug|TwinCAT HMI
		{4F2FB9DC-7E39-497A-B437-3A5D2AA92E3E}.Debug|TwinCAT HMI.ActiveCfg = Debug|TwinCAT HMI
		{4F2FB9DC-7E39-497A-B437-3A5D2AA92E3E}.Debug|TwinCAT HMI.Build.0 = Debug|TwinCAT HMI
		{4F2FB9DC-7E39-497A-B437-3A5D2AA92E3E}.Debug|TwinCAT OS (ARMT2).ActiveCfg = Debug|TwinCAT HMI
		{4F2FB9DC-7E39-497A-B437-3A5D2AA92E3E}.Debug|TwinCAT RT (x64).ActiveCfg = Debug|TwinCAT HMI
		{4F2FB9DC-7E39-497A-B437-3A5D2AA92E3E}.Debug|TwinCAT RT (x86).ActiveCfg = Debug|TwinCAT HMI
		{4F2FB9DC-7E39-497A-B437-3A5D2AA92E3E}.Release|TwinCAT CE7 (ARMV7).ActiveCfg = Release|TwinCAT HMI
		{4F2FB9DC-7E39-497A-B437-3A5D2AA92E3E}.Release|TwinCAT HMI.ActiveCfg = Release|TwinCAT HMI
		{4F2FB9DC-7E39-497A-B437-3A5D2AA92E3E}.Release|TwinCAT HMI.Build.0 = Release|TwinCAT HMI
		{4F2FB9DC-7E39-497A-B437-3A5D2AA92E3E}.Release|TwinCAT OS (ARMT2).ActiveCfg = Release|TwinCAT HMI
		{4F2FB9DC-7E39-497A-B437-3A5D2AA92E3E}.Release|TwinCAT RT (x64).ActiveCfg = Release|TwinCAT HMI
		{4F2FB9DC-7E39-497A-B437-3A5D2AA92E3E}.Release|TwinCAT RT (x86).ActiveCfg = Release|TwinCAT HMI
		{7C9404DB-9950-406B-A6FF-8B82AFCCF747}.Debug|TwinCAT CE7 (ARMV7).ActiveCfg = Debug|TwinCAT HMI
		{7C9404DB-9950-406B-A6FF-8B82AFCCF747}.Debug|TwinCAT HMI.ActiveCfg = Debug|TwinCAT HMI
		{7C9404DB-9950-406B-A6FF-8B82AFCCF747}.Debug|TwinCAT HMI.Build.0 = Debug|TwinCAT HMI
		{7C9404DB-9950-406B-A6FF-8B82AFCCF747}.Debug|TwinCAT OS (ARMT2).ActiveCfg = Debug|TwinCAT HMI
		{7C9404DB-9950-406B-A6FF-8B82AFCCF747}.Debug|TwinCAT RT (x64).ActiveCfg = Debug|TwinCAT HMI
		{7C9404DB-9950-406B-A6FF-8B82AFCCF747}.Debug|TwinCAT RT (x86).ActiveCfg = Debug|TwinCAT HMI
		{7C9404DB-9950-406B-A6FF-8B82AFCCF747}.Release|TwinCAT CE7 (ARMV7).ActiveCfg = Release|TwinCAT HMI
		{7C9404DB-9950-406B-A6FF-8B82AFCCF747}.Release|TwinCAT HMI.ActiveCfg = Release|TwinCAT HMI
		{7C9404DB-9950-406B-A6FF-8B82AFCCF747}.Release|TwinCAT HMI.Build.0 = Release|TwinCAT HMI
		{7C9404DB-9950-406B-A6FF-8B82AFCCF747}.Release|TwinCAT OS (ARMT2).ActiveCfg = Release|TwinCAT HMI
		{7C9404DB-9950-406B-A6FF-8B82AFCCF747}.Release|TwinCAT RT (x64).ActiveCfg = Release|TwinCAT HMI
		{7C9404DB-9950-406B-A6FF-8B82AFCCF747}.Release|TwinCAT RT (x86).ActiveCfg = Release|TwinCAT HMI
		{3DF35243-7002-4C63-A8DA-CD21386639EC}.Debug|TwinCAT CE7 (ARMV7).ActiveCfg = Debug|TwinCAT HMI
		{3DF35243-7002-4C63-A8DA-CD21386639EC}.Debug|TwinCAT HMI.ActiveCfg = Debug|TwinCAT HMI
		{3DF35243-7002-4C63-A8DA-CD21386639EC}.Debug|TwinCAT HMI.Build.0 = Debug|TwinCAT HMI
		{3DF35243-7002-4C63-A8DA-CD21386639EC}.Debug|TwinCAT OS (ARMT2).ActiveCfg = Debug|TwinCAT HMI
		{3DF35243-7002-4C63-A8DA-CD21386639EC}.Debug|TwinCAT RT (x64).ActiveCfg = Debug|TwinCAT HMI
		{3DF35243-7002-4C63-A8DA-CD21386639EC}.Debug|TwinCAT RT (x86).ActiveCfg = Debug|TwinCAT HMI
		{3DF35243-7002-4C63-A8DA-CD21386639EC}.Release|TwinCAT CE7 (ARMV7).ActiveCfg = Release|TwinCAT HMI
		{3DF35243-7002-4C63-A8DA-CD21386639EC}.Release|TwinCAT HMI.ActiveCfg = Release|TwinCAT HMI
		{3DF35243-7002-4C63-A8DA-CD21386639EC}.Release|TwinCAT HMI.Build.0 = Release|TwinCAT HMI
		{3DF35243-7002-4C63-A8DA-CD21386639EC}.Release|TwinCAT OS (ARMT2).ActiveCfg = Release|TwinCAT HMI
		{3DF35243-7002-4C63-A8DA-CD21386639EC}.Release|TwinCAT RT (x64).ActiveCfg = Release|TwinCAT HMI
		{3DF35243-7002-4C63-A8DA-CD21386639EC}.Release|TwinCAT RT (x86).ActiveCfg = Release|TwinCAT HMI
		{4728C7F4-7490-46D5-A32B-133B209D3077}.Debug|TwinCAT CE7 (ARMV7).ActiveCfg = Debug|TwinCAT CE7 (ARMV7)
		{4728C7F4-7490-46D5-A32B-133B209D3077}.Debug|TwinCAT CE7 (ARMV7).Build.0 = Debug|TwinCAT CE7 (ARMV7)
		{4728C7F4-7490-46D5-A32B-133B209D3077}.Debug|TwinCAT HMI.ActiveCfg = Debug|TwinCAT RT (x86)
		{4728C7F4-7490-46D5-A32B-133B209D3077}.Debug|TwinCAT HMI.Build.0 = Debug|TwinCAT RT (x86)
		{4728C7F4-7490-46D5-A32B-133B209D3077}.Debug|TwinCAT OS (ARMT2).ActiveCfg = Debug|TwinCAT OS (ARMT2)
		{4728C7F4-7490-46D5-A32B-133B209D3077}.Debug|TwinCAT OS (ARMT2).Build.0 = Debug|TwinCAT OS (ARMT2)
		{4728C7F4-7490-46D5-A32B-133B209D3077}.Debug|TwinCAT RT (x64).ActiveCfg = Debug|TwinCAT RT (x64)
		{4728C7F4-7490-46D5-A32B-133B209D3077}.Debug|TwinCAT RT (x64).Build.0 = Debug|TwinCAT RT (x64)
		{4728C7F4-7490-46D5-A32B-133B209D3077}.Debug|TwinCAT RT (x86).ActiveCfg = Debug|TwinCAT RT (x86)
		{4728C7F4-7490-46D5-A32B-133B209D3077}.Debug|TwinCAT RT (x86).Build.0 = Debug|TwinCAT RT (x86)
		{4728C7F4-7490-46D5-A32B-133B209D3077}.Release|TwinCAT CE7 (ARMV7).ActiveCfg = Release|TwinCAT CE7 (ARMV7)
		{4728C7F4-7490-46D5-A32B-133B209D3077}.Release|TwinCAT CE7 (ARMV7).Build.0 = Release|TwinCAT CE7 (ARMV7)
		{4728C7F4-7490-46D5-A32B-133B209D3077}.Release|TwinCAT HMI.ActiveCfg = Release|TwinCAT RT (x86)
		{4728C7F4-7490-46D5-A32B-133B209D3077}.Release|TwinCAT HMI.Build.0 = Release|TwinCAT RT (x86)
		{4728C7F4-7490-46D5-A32B-133B209D3077}.Release|TwinCAT OS (ARMT2).ActiveCfg = Release|TwinCAT OS (ARMT2)
		{4728C7F4-7490-46D5-A32B-133B209D3077}.Release|TwinCAT OS (ARMT2).Build.0 = Release|TwinCAT OS (ARMT2)
		{4728C7F4-7490-46D5-A32B-133B209D3077}.Release|TwinCAT RT (x64).ActiveCfg = Release|TwinCAT RT (x64)
		{4728C7F4-7490-46D5-A32B-133B209D3077}.Release|TwinCAT RT (x64).Build.0 = Release|TwinCAT RT (x64)
		{4728C7F4-7490-46D5-A32B-133B209D3077}.Release|TwinCAT RT (x86).ActiveCfg = Release|TwinCAT RT (x86)
		{4728C7F4-7490-46D5-A32B-133B209D3077}.Release|TwinCAT RT (x86).Build.0 = Release|TwinCAT RT (x86)
	EndGlobalSection
	GlobalSection(SolutionProperties) = preSolution
		HideSolutionNode = FALSE
	EndGlobalSection
	GlobalSection(ExtensibilityGlobals) = postSolution
		SolutionGuid = {B04171F6-52DD-45A1-A644-2CB982D6FDDA}
	EndGlobalSection
EndGlobal
